// !$*UTF8*$!
{
	archiveVersion = 1;
	classes = {
	};
	objectVersion = 77;
	objects = {

/* Begin PBXBuildFile section */
		2C83CAF22F72FD9E00168B01 /* AtprotoOAuth in Frameworks */ = {isa = PBXBuildFile; productRef = 2C83CAF12F72FD9E00168B01 /* AtprotoOAuth */; };
		2C83CDD32F72FECB00168B01 /* ATResolve in Frameworks */ = {isa = PBXBuildFile; productRef = 2C83CDD22F72FECB00168B01 /* ATResolve */; };
		32864E502F87A77D00ECE362 /* AtprotoOAuth in Frameworks */ = {isa = PBXBuildFile; productRef = 32864E4F2F87A77D00ECE362 /* AtprotoOAuth */; };
		32E0A37E2F87E51500962644 /* Microcosm in Frameworks */ = {isa = PBXBuildFile; productRef = 32E0A37D2F87E51500962644 /* Microcosm */; };
		9092014E2F64DBCA00BABF6A /* AtprotoOAuth in Frameworks */ = {isa = PBXBuildFile; productRef = 9092014D2F64DBCA00BABF6A /* AtprotoOAuth */; };
/* End PBXBuildFile section */

/* Begin PBXContainerItemProxy section */
		01E50C522F483FF800C0D8E0 /* PBXContainerItemProxy */ = {
			isa = PBXContainerItemProxy;
			containerPortal = 01E50C3C2F483FF800C0D8E0 /* Project object */;
			proxyType = 1;
			remoteGlobalIDString = 01E50C432F483FF800C0D8E0;
			remoteInfo = AtprotoOAuthDemoApp;
		};
		01E50C5C2F483FF800C0D8E0 /* PBXContainerItemProxy */ = {
			isa = PBXContainerItemProxy;
			containerPortal = 01E50C3C2F483FF800C0D8E0 /* Project object */;
			proxyType = 1;
			remoteGlobalIDString = 01E50C432F483FF800C0D8E0;
			remoteInfo = AtprotoOAuthDemoApp;
		};
/* End PBXContainerItemProxy section */

/* Begin PBXFileReference section */
		01E50C442F483FF800C0D8E0 /* AtprotoOAuthDemoApp.app */ = {isa = PBXFileReference; explicitFileType = wrapper.application; includeInIndex = 0; path = AtprotoOAuthDemoApp.app; sourceTree = BUILT_PRODUCTS_DIR; };
		01E50C512F483FF800C0D8E0 /* AtprotoOAuthDemoAppTests.xctest */ = {isa = PBXFileReference; explicitFileType = wrapper.cfbundle; includeInIndex = 0; path = AtprotoOAuthDemoAppTests.xctest; sourceTree = BUILT_PRODUCTS_DIR; };
		01E50C5B2F483FF800C0D8E0 /* AtprotoOAuthDemoAppUITests.xctest */ = {isa = PBXFileReference; explicitFileType = wrapper.cfbundle; includeInIndex = 0; path = AtprotoOAuthDemoAppUITests.xctest; sourceTree = BUILT_PRODUCTS_DIR; };
/* End PBXFileReference section */

/* Begin PBXFileSystemSynchronizedRootGroup section */
		01E50C462F483FF800C0D8E0 /* AtprotoOAuthDemoApp */ = {
			isa = PBXFileSystemSynchronizedRootGroup;
			path = AtprotoOAuthDemoApp;
			sourceTree = "<group>";
		};
		01E50C542F483FF800C0D8E0 /* AtprotoOAuthDemoAppTests */ = {
			isa = PBXFileSystemSynchronizedRootGroup;
			path = AtprotoOAuthDemoAppTests;
			sourceTree = "<group>";
		};
		01E50C5E2F483FF800C0D8E0 /* AtprotoOAuthDemoAppUITests */ = {
			isa = PBXFileSystemSynchronizedRootGroup;
			path = AtprotoOAuthDemoAppUITests;
			sourceTree = "<group>";
		};
/* End PBXFileSystemSynchronizedRootGroup section */

/* Begin PBXFrameworksBuildPhase section */
		01E50C412F483FF800C0D8E0 /* Frameworks */ = {
			isa = PBXFrameworksBuildPhase;
			buildActionMask = 2147483647;
			files = (
				2C83CDD32F72FECB00168B01 /* ATResolve in Frameworks */,
				32E0A37E2F87E51500962644 /* Microcosm in Frameworks */,
				2C83CAF22F72FD9E00168B01 /* AtprotoOAuth in Frameworks */,
				9092014E2F64DBCA00BABF6A /* AtprotoOAuth in Frameworks */,
				32864E502F87A77D00ECE362 /* AtprotoOAuth in Frameworks */,
			);
			runOnlyForDeploymentPostprocessing = 0;
		};
		01E50C4E2F483FF800C0D8E0 /* Frameworks */ = {
			isa = PBXFrameworksBuildPhase;
			buildActionMask = 2147483647;
			files = (
			);
			runOnlyForDeploymentPostprocessing = 0;
		};
		01E50C582F483FF800C0D8E0 /* Frameworks */ = {
			isa = PBXFrameworksBuildPhase;
			buildActionMask = 2147483647;
			files = (
			);
			runOnlyForDeploymentPostprocessing = 0;
		};
/* End PBXFrameworksBuildPhase section */

/* Begin PBXGroup section */
		015D043C2F50C34500996C25 /* Frameworks */ = {
			isa = PBXGroup;
			children = (
			);
			name = Frameworks;
			sourceTree = "<group>";
		};
		01E50C3B2F483FF800C0D8E0 = {
			isa = PBXGroup;
			children = (
				01E50C462F483FF800C0D8E0 /* AtprotoOAuthDemoApp */,
				01E50C542F483FF800C0D8E0 /* AtprotoOAuthDemoAppTests */,
				01E50C5E2F483FF800C0D8E0 /* AtprotoOAuthDemoAppUITests */,
				015D043C2F50C34500996C25 /* Frameworks */,
				01E50C452F483FF800C0D8E0 /* Products */,
			);
			sourceTree = "<group>";
		};
		01E50C452F483FF800C0D8E0 /* Products */ = {
			isa = PBXGroup;
			children = (
				01E50C442F483FF800C0D8E0 /* AtprotoOAuthDemoApp.app */,
				01E50C512F483FF800C0D8E0 /* AtprotoOAuthDemoAppTests.xctest */,
				01E50C5B2F483FF800C0D8E0 /* AtprotoOAuthDemoAppUITests.xctest */,
			);
			name = Products;
			sourceTree = "<group>";
		};
/* End PBXGroup section */

/* Begin PBXNativeTarget section */
		01E50C432F483FF800C0D8E0 /* AtprotoOAuthDemoApp */ = {
			isa = PBXNativeTarget;
			buildConfigurationList = 01E50C652F483FF800C0D8E0 /* Build configuration list for PBXNativeTarget "AtprotoOAuthDemoApp" */;
			buildPhases = (
				01E50C402F483FF800C0D8E0 /* Sources */,
				01E50C412F483FF800C0D8E0 /* Frameworks */,
				01E50C422F483FF800C0D8E0 /* Resources */,
			);
			buildRules = (
			);
			dependencies = (
			);
			fileSystemSynchronizedGroups = (
				01E50C462F483FF800C0D8E0 /* AtprotoOAuthDemoApp */,
			);
			name = AtprotoOAuthDemoApp;
			packageProductDependencies = (
				9092014D2F64DBCA00BABF6A /* AtprotoOAuth */,
				2C83CAF12F72FD9E00168B01 /* AtprotoOAuth */,
				2C83CDD22F72FECB00168B01 /* ATResolve */,
				32864E4F2F87A77D00ECE362 /* AtprotoOAuth */,
				32E0A37D2F87E51500962644 /* Microcosm */,
			);
			productName = AtprotoOAuthDemoApp;
			productReference = 01E50C442F483FF800C0D8E0 /* AtprotoOAuthDemoApp.app */;
			productType = "com.apple.product-type.application";
		};
		01E50C502F483FF800C0D8E0 /* AtprotoOAuthDemoAppTests */ = {
			isa = PBXNativeTarget;
			buildConfigurationList = 01E50C682F483FF800C0D8E0 /* Build configuration list for PBXNativeTarget "AtprotoOAuthDemoAppTests" */;
			buildPhases = (
				01E50C4D2F483FF800C0D8E0 /* Sources */,
				01E50C4E2F483FF800C0D8E0 /* Frameworks */,
				01E50C4F2F483FF800C0D8E0 /* Resources */,
			);
			buildRules = (
			);
			dependencies = (
				01E50C532F483FF800C0D8E0 /* PBXTargetDependency */,
			);
			fileSystemSynchronizedGroups = (
				01E50C542F483FF800C0D8E0 /* AtprotoOAuthDemoAppTests */,
			);
			name = AtprotoOAuthDemoAppTests;
			packageProductDependencies = (
			);
			productName = AtprotoOAuthDemoAppTests;
			productReference = 01E50C512F483FF800C0D8E0 /* AtprotoOAuthDemoAppTests.xctest */;
			productType = "com.apple.product-type.bundle.unit-test";
		};
		01E50C5A2F483FF800C0D8E0 /* AtprotoOAuthDemoAppUITests */ = {
			isa = PBXNativeTarget;
			buildConfigurationList = 01E50C6B2F483FF800C0D8E0 /* Build configuration list for PBXNativeTarget "AtprotoOAuthDemoAppUITests" */;
			buildPhases = (
				01E50C572F483FF800C0D8E0 /* Sources */,
				01E50C582F483FF800C0D8E0 /* Frameworks */,
				01E50C592F483FF800C0D8E0 /* Resources */,
			);
			buildRules = (
			);
			dependencies = (
				01E50C5D2F483FF800C0D8E0 /* PBXTargetDependency */,
			);
			fileSystemSynchronizedGroups = (
				01E50C5E2F483FF800C0D8E0 /* AtprotoOAuthDemoAppUITests */,
			);
			name = AtprotoOAuthDemoAppUITests;
			packageProductDependencies = (
			);
			productName = AtprotoOAuthDemoAppUITests;
			productReference = 01E50C5B2F483FF800C0D8E0 /* AtprotoOAuthDemoAppUITests.xctest */;
			productType = "com.apple.product-type.bundle.ui-testing";
		};
/* End PBXNativeTarget section */

/* Begin PBXProject section */
		01E50C3C2F483FF800C0D8E0 /* Project object */ = {
			isa = PBXProject;
			attributes = {
				BuildIndependentTargetsInParallel = 1;
				LastSwiftUpdateCheck = 2630;
				LastUpgradeCheck = 2630;
				TargetAttributes = {
					01E50C432F483FF800C0D8E0 = {
						CreatedOnToolsVersion = 26.3;
					};
					01E50C502F483FF800C0D8E0 = {
						CreatedOnToolsVersion = 26.3;
						TestTargetID = 01E50C432F483FF800C0D8E0;
					};
					01E50C5A2F483FF800C0D8E0 = {
						CreatedOnToolsVersion = 26.3;
						TestTargetID = 01E50C432F483FF800C0D8E0;
					};
				};
			};
			buildConfigurationList = 01E50C3F2F483FF800C0D8E0 /* Build configuration list for PBXProject "AtprotoOAuthDemoApp" */;
			developmentRegion = en;
			hasScannedForEncodings = 0;
			knownRegions = (
				en,
				Base,
			);
			mainGroup = 01E50C3B2F483FF800C0D8E0;
			minimizedProjectReferenceProxies = 1;
			packageReferences = (
				2C83CDD12F72FECB00168B01 /* XCRemoteSwiftPackageReference "ATResolve" */,
				32864E4E2F87A77D00ECE362 /* XCLocalSwiftPackageReference "../../../AtprotoOAuth" */,
				32E0A37C2F87E51500962644 /* XCRemoteSwiftPackageReference "Microcosm" */,
				32E0A3812F87E59B00962644 /* XCRemoteSwiftPackageReference "swift-atproto" */,
			);
			preferredProjectObjectVersion = 77;
			productRefGroup = 01E50C452F483FF800C0D8E0 /* Products */;
			projectDirPath = "";
			projectRoot = "";
			targets = (
				01E50C432F483FF800C0D8E0 /* AtprotoOAuthDemoApp */,
				01E50C502F483FF800C0D8E0 /* AtprotoOAuthDemoAppTests */,
				01E50C5A2F483FF800C0D8E0 /* AtprotoOAuthDemoAppUITests */,
			);
		};
/* End PBXProject section */

/* Begin PBXResourcesBuildPhase section */
		01E50C422F483FF800C0D8E0 /* Resources */ = {
			isa = PBXResourcesBuildPhase;
			buildActionMask = 2147483647;
			files = (
			);
			runOnlyForDeploymentPostprocessing = 0;
		};
		01E50C4F2F483FF800C0D8E0 /* Resources */ = {
			isa = PBXResourcesBuildPhase;
			buildActionMask = 2147483647;
			files = (
			);
			runOnlyForDeploymentPostprocessing = 0;
		};
		01E50C592F483FF800C0D8E0 /* Resources */ = {
			isa = PBXResourcesBuildPhase;
			buildActionMask = 2147483647;
			files = (
			);
			runOnlyForDeploymentPostprocessing = 0;
		};
/* End PBXResourcesBuildPhase section */

/* Begin PBXSourcesBuildPhase section */
		01E50C402F483FF800C0D8E0 /* Sources */ = {
			isa = PBXSourcesBuildPhase;
			buildActionMask = 2147483647;
			files = (
			);
			runOnlyForDeploymentPostprocessing = 0;
		};
		01E50C4D2F483FF800C0D8E0 /* Sources */ = {
			isa = PBXSourcesBuildPhase;
			buildActionMask = 2147483647;
			files = (
			);
			runOnlyForDeploymentPostprocessing = 0;
		};
		01E50C572F483FF800C0D8E0 /* Sources */ = {
			isa = PBXSourcesBuildPhase;
			buildActionMask = 2147483647;
			files = (
			);
			runOnlyForDeploymentPostprocessing = 0;
		};
/* End PBXSourcesBuildPhase section */

/* Begin PBXTargetDependency section */
		01E50C532F483FF800C0D8E0 /* PBXTargetDependency */ = {
			isa = PBXTargetDependency;
			target = 01E50C432F483FF800C0D8E0 /* AtprotoOAuthDemoApp */;
			targetProxy = 01E50C522F483FF800C0D8E0 /* PBXContainerItemProxy */;
		};
		01E50C5D2F483FF800C0D8E0 /* PBXTargetDependency */ = {
			isa = PBXTargetDependency;
			target = 01E50C432F483FF800C0D8E0 /* AtprotoOAuthDemoApp */;
			targetProxy = 01E50C5C2F483FF800C0D8E0 /* PBXContainerItemProxy */;
		};
/* End PBXTargetDependency section */

/* Begin XCBuildConfiguration section */
		01E50C632F483FF800C0D8E0 /* Debug */ = {
			isa = XCBuildConfiguration;
			buildSettings = {
				ALWAYS_SEARCH_USER_PATHS = NO;
				ASSETCATALOG_COMPILER_GENERATE_SWIFT_ASSET_SYMBOL_EXTENSIONS = YES;
				CLANG_ANALYZER_NONNULL = YES;
				CLANG_ANALYZER_NUMBER_OBJECT_CONVERSION = YES_AGGRESSIVE;
				CLANG_CXX_LANGUAGE_STANDARD = "gnu++20";
				CLANG_ENABLE_MODULES = YES;
				CLANG_ENABLE_OBJC_ARC = YES;
				CLANG_ENABLE_OBJC_WEAK = YES;
				CLANG_WARN_BLOCK_CAPTURE_AUTORELEASING = YES;
				CLANG_WARN_BOOL_CONVERSION = YES;
				CLANG_WARN_COMMA = YES;
				CLANG_WARN_CONSTANT_CONVERSION = YES;
				CLANG_WARN_DEPRECATED_OBJC_IMPLEMENTATIONS = YES;
				CLANG_WARN_DIRECT_OBJC_ISA_USAGE = YES_ERROR;
				CLANG_WARN_DOCUMENTATION_COMMENTS = YES;
				CLANG_WARN_EMPTY_BODY = YES;
				CLANG_WARN_ENUM_CONVERSION = YES;
				CLANG_WARN_INFINITE_RECURSION = YES;
				CLANG_WARN_INT_CONVERSION = YES;
				CLANG_WARN_NON_LITERAL_NULL_CONVERSION = YES;
				CLANG_WARN_OBJC_IMPLICIT_RETAIN_SELF = YES;
				CLANG_WARN_OBJC_LITERAL_CONVERSION = YES;
				CLANG_WARN_OBJC_ROOT_CLASS = YES_ERROR;
				CLANG_WARN_QUOTED_INCLUDE_IN_FRAMEWORK_HEADER = YES;
				CLANG_WARN_RANGE_LOOP_ANALYSIS = YES;
				CLANG_WARN_STRICT_PROTOTYPES = YES;
				CLANG_WARN_SUSPICIOUS_MOVE = YES;
				CLANG_WARN_UNGUARDED_AVAILABILITY = YES_AGGRESSIVE;
				CLANG_WARN_UNREACHABLE_CODE = YES;
				CLANG_WARN__DUPLICATE_METHOD_MATCH = YES;
				COPY_PHASE_STRIP = NO;
				DEBUG_INFORMATION_FORMAT = dwarf;
				DEVELOPMENT_TEAM = B6LD2YR8QA;
				ENABLE_STRICT_OBJC_MSGSEND = YES;
				ENABLE_TESTABILITY = YES;
				ENABLE_USER_SCRIPT_SANDBOXING = YES;
				GCC_C_LANGUAGE_STANDARD = gnu17;
				GCC_DYNAMIC_NO_PIC = NO;
				GCC_NO_COMMON_BLOCKS = YES;
				GCC_OPTIMIZATION_LEVEL = 0;
				GCC_PREPROCESSOR_DEFINITIONS = (
					"DEBUG=1",
					"$(inherited)",
				);
				GCC_WARN_64_TO_32_BIT_CONVERSION = YES;
				GCC_WARN_ABOUT_RETURN_TYPE = YES_ERROR;
				GCC_WARN_UNDECLARED_SELECTOR = YES;
				GCC_WARN_UNINITIALIZED_AUTOS = YES_AGGRESSIVE;
				GCC_WARN_UNUSED_FUNCTION = YES;
				GCC_WARN_UNUSED_VARIABLE = YES;
				LOCALIZATION_PREFERS_STRING_CATALOGS = YES;
				MTL_ENABLE_DEBUG_INFO = INCLUDE_SOURCE;
				MTL_FAST_MATH = YES;
				ONLY_ACTIVE_ARCH = YES;
				SWIFT_ACTIVE_COMPILATION_CONDITIONS = "DEBUG $(inherited)";
				SWIFT_OPTIMIZATION_LEVEL = "-Onone";
			};
			name = Debug;
		};
		01E50C642F483FF800C0D8E0 /* Release */ = {
			isa = XCBuildConfiguration;
			buildSettings = {
				ALWAYS_SEARCH_USER_PATHS = NO;
				ASSETCATALOG_COMPILER_GENERATE_SWIFT_ASSET_SYMBOL_EXTENSIONS = YES;
				CLANG_ANALYZER_NONNULL = YES;
				CLANG_ANALYZER_NUMBER_OBJECT_CONVERSION = YES_AGGRESSIVE;
				CLANG_CXX_LANGUAGE_STANDARD = "gnu++20";
				CLANG_ENABLE_MODULES = YES;
				CLANG_ENABLE_OBJC_ARC = YES;
				CLANG_ENABLE_OBJC_WEAK = YES;
				CLANG_WARN_BLOCK_CAPTURE_AUTORELEASING = YES;
				CLANG_WARN_BOOL_CONVERSION = YES;
				CLANG_WARN_COMMA = YES;
				CLANG_WARN_CONSTANT_CONVERSION = YES;
				CLANG_WARN_DEPRECATED_OBJC_IMPLEMENTATIONS = YES;
				CLANG_WARN_DIRECT_OBJC_ISA_USAGE = YES_ERROR;
				CLANG_WARN_DOCUMENTATION_COMMENTS = YES;
				CLANG_WARN_EMPTY_BODY = YES;
				CLANG_WARN_ENUM_CONVERSION = YES;
				CLANG_WARN_INFINITE_RECURSION = YES;
				CLANG_WARN_INT_CONVERSION = YES;
				CLANG_WARN_NON_LITERAL_NULL_CONVERSION = YES;
				CLANG_WARN_OBJC_IMPLICIT_RETAIN_SELF = YES;
				CLANG_WARN_OBJC_LITERAL_CONVERSION = YES;
				CLANG_WARN_OBJC_ROOT_CLASS = YES_ERROR;
				CLANG_WARN_QUOTED_INCLUDE_IN_FRAMEWORK_HEADER = YES;
				CLANG_WARN_RANGE_LOOP_ANALYSIS = YES;
				CLANG_WARN_STRICT_PROTOTYPES = YES;
				CLANG_WARN_SUSPICIOUS_MOVE = YES;
				CLANG_WARN_UNGUARDED_AVAILABILITY = YES_AGGRESSIVE;
				CLANG_WARN_UNREACHABLE_CODE = YES;
				CLANG_WARN__DUPLICATE_METHOD_MATCH = YES;
				COPY_PHASE_STRIP = NO;
				DEBUG_INFORMATION_FORMAT = "dwarf-with-dsym";
				DEVELOPMENT_TEAM = B6LD2YR8QA;
				ENABLE_NS_ASSERTIONS = NO;
				ENABLE_STRICT_OBJC_MSGSEND = YES;
				ENABLE_USER_SCRIPT_SANDBOXING = YES;
				GCC_C_LANGUAGE_STANDARD = gnu17;
				GCC_NO_COMMON_BLOCKS = YES;
				GCC_WARN_64_TO_32_BIT_CONVERSION = YES;
				GCC_WARN_ABOUT_RETURN_TYPE = YES_ERROR;
				GCC_WARN_UNDECLARED_SELECTOR = YES;
				GCC_WARN_UNINITIALIZED_AUTOS = YES_AGGRESSIVE;
				GCC_WARN_UNUSED_FUNCTION = YES;
				GCC_WARN_UNUSED_VARIABLE = YES;
				LOCALIZATION_PREFERS_STRING_CATALOGS = YES;
				MTL_ENABLE_DEBUG_INFO = NO;
				MTL_FAST_MATH = YES;
				SWIFT_COMPILATION_MODE = wholemodule;
			};
			name = Release;
		};
		01E50C662F483FF800C0D8E0 /* Debug */ = {
			isa = XCBuildConfiguration;
			buildSettings = {
				ASSETCATALOG_COMPILER_APPICON_NAME = AppIcon;
				ASSETCATALOG_COMPILER_GLOBAL_ACCENT_COLOR_NAME = AccentColor;
				CODE_SIGN_STYLE = Automatic;
				CURRENT_PROJECT_VERSION = 1;
				DEVELOPMENT_TEAM = B6LD2YR8QA;
				ENABLE_APP_SANDBOX = YES;
				ENABLE_HARDENED_RUNTIME = YES;
				ENABLE_INCOMING_NETWORK_CONNECTIONS = NO;
				ENABLE_OUTGOING_NETWORK_CONNECTIONS = YES;
				ENABLE_PREVIEWS = YES;
				ENABLE_RESOURCE_ACCESS_AUDIO_INPUT = NO;
				ENABLE_RESOURCE_ACCESS_BLUETOOTH = NO;
				ENABLE_RESOURCE_ACCESS_CALENDARS = NO;
				ENABLE_RESOURCE_ACCESS_CAMERA = NO;
				ENABLE_RESOURCE_ACCESS_CONTACTS = NO;
				ENABLE_RESOURCE_ACCESS_LOCATION = NO;
				ENABLE_RESOURCE_ACCESS_PRINTING = NO;
				ENABLE_RESOURCE_ACCESS_USB = NO;
				ENABLE_USER_SELECTED_FILES = readonly;
				GENERATE_INFOPLIST_FILE = YES;
				"INFOPLIST_KEY_UIApplicationSceneManifest_Generation[sdk=iphoneos*]" = YES;
				"INFOPLIST_KEY_UIApplicationSceneManifest_Generation[sdk=iphonesimulator*]" = YES;
				"INFOPLIST_KEY_UIApplicationSupportsIndirectInputEvents[sdk=iphoneos*]" = YES;
				"INFOPLIST_KEY_UIApplicationSupportsIndirectInputEvents[sdk=iphonesimulator*]" = YES;
				"INFOPLIST_KEY_UILaunchScreen_Generation[sdk=iphoneos*]" = YES;
				"INFOPLIST_KEY_UILaunchScreen_Generation[sdk=iphonesimulator*]" = YES;
				"INFOPLIST_KEY_UIStatusBarStyle[sdk=iphoneos*]" = UIStatusBarStyleDefault;
				"INFOPLIST_KEY_UIStatusBarStyle[sdk=iphonesimulator*]" = UIStatusBarStyleDefault;
				INFOPLIST_KEY_UISupportedInterfaceOrientations_iPad = "UIInterfaceOrientationPortrait UIInterfaceOrientationPortraitUpsideDown UIInterfaceOrientationLandscapeLeft UIInterfaceOrientationLandscapeRight";
				INFOPLIST_KEY_UISupportedInterfaceOrientations_iPhone = "UIInterfaceOrientationPortrait UIInterfaceOrientationLandscapeLeft UIInterfaceOrientationLandscapeRight";
				IPHONEOS_DEPLOYMENT_TARGET = 26.2;
				LD_RUNPATH_SEARCH_PATHS = "@executable_path/Frameworks";
				"LD_RUNPATH_SEARCH_PATHS[sdk=macosx*]" = "@executable_path/../Frameworks";
				MACOSX_DEPLOYMENT_TARGET = 15.7;
				MARKETING_VERSION = 1.0;
				PRODUCT_BUNDLE_IDENTIFIER = com.germnetwork.AtprotoOAuthDemoApp;
				PRODUCT_NAME = "$(TARGET_NAME)";
				REGISTER_APP_GROUPS = YES;
				SDKROOT = auto;
				STRING_CATALOG_GENERATE_SYMBOLS = YES;
				SUPPORTED_PLATFORMS = "iphoneos iphonesimulator macosx xros xrsimulator";
				SWIFT_APPROACHABLE_CONCURRENCY = NO;
				SWIFT_DEFAULT_ACTOR_ISOLATION = nonisolated;
				SWIFT_EMIT_LOC_STRINGS = YES;
				SWIFT_UPCOMING_FEATURE_MEMBER_IMPORT_VISIBILITY = YES;
				SWIFT_VERSION = 5.0;
				TARGETED_DEVICE_FAMILY = "1,2,7";
				XROS_DEPLOYMENT_TARGET = 26.2;
			};
			name = Debug;
		};
		01E50C672F483FF800C0D8E0 /* Release */ = {
			isa = XCBuildConfiguration;
			buildSettings = {
				ASSETCATALOG_COMPILER_APPICON_NAME = AppIcon;
				ASSETCATALOG_COMPILER_GLOBAL_ACCENT_COLOR_NAME = AccentColor;
				CODE_SIGN_STYLE = Automatic;
				CURRENT_PROJECT_VERSION = 1;
				DEVELOPMENT_TEAM = B6LD2YR8QA;
				ENABLE_APP_SANDBOX = YES;
				ENABLE_HARDENED_RUNTIME = YES;
				ENABLE_INCOMING_NETWORK_CONNECTIONS = NO;
				ENABLE_OUTGOING_NETWORK_CONNECTIONS = YES;
				ENABLE_PREVIEWS = YES;
				ENABLE_RESOURCE_ACCESS_AUDIO_INPUT = NO;
				ENABLE_RESOURCE_ACCESS_BLUETOOTH = NO;
				ENABLE_RESOURCE_ACCESS_CALENDARS = NO;
				ENABLE_RESOURCE_ACCESS_CAMERA = NO;
				ENABLE_RESOURCE_ACCESS_CONTACTS = NO;
				ENABLE_RESOURCE_ACCESS_LOCATION = NO;
				ENABLE_RESOURCE_ACCESS_PRINTING = NO;
				ENABLE_RESOURCE_ACCESS_USB = NO;
				ENABLE_USER_SELECTED_FILES = readonly;
				GENERATE_INFOPLIST_FILE = YES;
				"INFOPLIST_KEY_UIApplicationSceneManifest_Generation[sdk=iphoneos*]" = YES;
				"INFOPLIST_KEY_UIApplicationSceneManifest_Generation[sdk=iphonesimulator*]" = YES;
				"INFOPLIST_KEY_UIApplicationSupportsIndirectInputEvents[sdk=iphoneos*]" = YES;
				"INFOPLIST_KEY_UIApplicationSupportsIndirectInputEvents[sdk=iphonesimulator*]" = YES;
				"INFOPLIST_KEY_UILaunchScreen_Generation[sdk=iphoneos*]" = YES;
				"INFOPLIST_KEY_UILaunchScreen_Generation[sdk=iphonesimulator*]" = YES;
				"INFOPLIST_KEY_UIStatusBarStyle[sdk=iphoneos*]" = UIStatusBarStyleDefault;
				"INFOPLIST_KEY_UIStatusBarStyle[sdk=iphonesimulator*]" = UIStatusBarStyleDefault;
				INFOPLIST_KEY_UISupportedInterfaceOrientations_iPad = "UIInterfaceOrientationPortrait UIInterfaceOrientationPortraitUpsideDown UIInterfaceOrientationLandscapeLeft UIInterfaceOrientationLandscapeRight";
				INFOPLIST_KEY_UISupportedInterfaceOrientations_iPhone = "UIInterfaceOrientationPortrait UIInterfaceOrientationLandscapeLeft UIInterfaceOrientationLandscapeRight";
				IPHONEOS_DEPLOYMENT_TARGET = 26.2;
				LD_RUNPATH_SEARCH_PATHS = "@executable_path/Frameworks";
				"LD_RUNPATH_SEARCH_PATHS[sdk=macosx*]" = "@executable_path/../Frameworks";
				MACOSX_DEPLOYMENT_TARGET = 15.7;
				MARKETING_VERSION = 1.0;
				PRODUCT_BUNDLE_IDENTIFIER = com.germnetwork.AtprotoOAuthDemoApp;
				PRODUCT_NAME = "$(TARGET_NAME)";
				REGISTER_APP_GROUPS = YES;
				SDKROOT = auto;
				STRING_CATALOG_GENERATE_SYMBOLS = YES;
				SUPPORTED_PLATFORMS = "iphoneos iphonesimulator macosx xros xrsimulator";
				SWIFT_APPROACHABLE_CONCURRENCY = NO;
				SWIFT_DEFAULT_ACTOR_ISOLATION = nonisolated;
				SWIFT_EMIT_LOC_STRINGS = YES;
				SWIFT_UPCOMING_FEATURE_MEMBER_IMPORT_VISIBILITY = YES;
				SWIFT_VERSION = 5.0;
				TARGETED_DEVICE_FAMILY = "1,2,7";
				XROS_DEPLOYMENT_TARGET = 26.2;
			};
			name = Release;
		};
		01E50C692F483FF800C0D8E0 /* Debug */ = {
			isa = XCBuildConfiguration;
			buildSettings = {
				BUNDLE_LOADER = "$(TEST_HOST)";
				CODE_SIGN_STYLE = Automatic;
				CURRENT_PROJECT_VERSION = 1;
				DEVELOPMENT_TEAM = B6LD2YR8QA;
				GENERATE_INFOPLIST_FILE = YES;
				IPHONEOS_DEPLOYMENT_TARGET = 26.2;
				MACOSX_DEPLOYMENT_TARGET = 15.7;
				MARKETING_VERSION = 1.0;
				PRODUCT_BUNDLE_IDENTIFIER = com.germnetwork.AtprotoOAuthDemoAppTests;
				PRODUCT_NAME = "$(TARGET_NAME)";
				SDKROOT = auto;
				STRING_CATALOG_GENERATE_SYMBOLS = NO;
				SUPPORTED_PLATFORMS = "iphoneos iphonesimulator macosx xros xrsimulator";
				SWIFT_APPROACHABLE_CONCURRENCY = YES;
				SWIFT_EMIT_LOC_STRINGS = NO;
				SWIFT_UPCOMING_FEATURE_MEMBER_IMPORT_VISIBILITY = YES;
				SWIFT_VERSION = 5.0;
				TARGETED_DEVICE_FAMILY = "1,2,7";
				TEST_HOST = "$(BUILT_PRODUCTS_DIR)/AtprotoOAuthDemoApp.app/$(BUNDLE_EXECUTABLE_FOLDER_PATH)/AtprotoOAuthDemoApp";
				XROS_DEPLOYMENT_TARGET = 26.2;
			};
			name = Debug;
		};
		01E50C6A2F483FF800C0D8E0 /* Release */ = {
			isa = XCBuildConfiguration;
			buildSettings = {
				BUNDLE_LOADER = "$(TEST_HOST)";
				CODE_SIGN_STYLE = Automatic;
				CURRENT_PROJECT_VERSION = 1;
				DEVELOPMENT_TEAM = B6LD2YR8QA;
				GENERATE_INFOPLIST_FILE = YES;
				IPHONEOS_DEPLOYMENT_TARGET = 26.2;
				MACOSX_DEPLOYMENT_TARGET = 15.7;
				MARKETING_VERSION = 1.0;
				PRODUCT_BUNDLE_IDENTIFIER = com.germnetwork.AtprotoOAuthDemoAppTests;
				PRODUCT_NAME = "$(TARGET_NAME)";
				SDKROOT = auto;
				STRING_CATALOG_GENERATE_SYMBOLS = NO;
				SUPPORTED_PLATFORMS = "iphoneos iphonesimulator macosx xros xrsimulator";
				SWIFT_APPROACHABLE_CONCURRENCY = YES;
				SWIFT_EMIT_LOC_STRINGS = NO;
				SWIFT_UPCOMING_FEATURE_MEMBER_IMPORT_VISIBILITY = YES;
				SWIFT_VERSION = 5.0;
				TARGETED_DEVICE_FAMILY = "1,2,7";
				TEST_HOST = "$(BUILT_PRODUCTS_DIR)/AtprotoOAuthDemoApp.app/$(BUNDLE_EXECUTABLE_FOLDER_PATH)/AtprotoOAuthDemoApp";
				XROS_DEPLOYMENT_TARGET = 26.2;
			};
			name = Release;
		};
		01E50C6C2F483FF800C0D8E0 /* Debug */ = {
			isa = XCBuildConfiguration;
			buildSettings = {
				CODE_SIGN_STYLE = Automatic;
				CURRENT_PROJECT_VERSION = 1;
				DEVELOPMENT_TEAM = B6LD2YR8QA;
				GENERATE_INFOPLIST_FILE = YES;
				IPHONEOS_DEPLOYMENT_TARGET = 26.2;
				MACOSX_DEPLOYMENT_TARGET = 15.7;
				MARKETING_VERSION = 1.0;
				PRODUCT_BUNDLE_IDENTIFIER = com.germnetwork.AtprotoOAuthDemoAppUITests;
				PRODUCT_NAME = "$(TARGET_NAME)";
				SDKROOT = auto;
				STRING_CATALOG_GENERATE_SYMBOLS = NO;
				SUPPORTED_PLATFORMS = "iphoneos iphonesimulator macosx xros xrsimulator";
				SWIFT_APPROACHABLE_CONCURRENCY = YES;
				SWIFT_EMIT_LOC_STRINGS = NO;
				SWIFT_UPCOMING_FEATURE_MEMBER_IMPORT_VISIBILITY = YES;
				SWIFT_VERSION = 5.0;
				TARGETED_DEVICE_FAMILY = "1,2,7";
				TEST_TARGET_NAME = AtprotoOAuthDemoApp;
				XROS_DEPLOYMENT_TARGET = 26.2;
			};
			name = Debug;
		};
		01E50C6D2F483FF800C0D8E0 /* Release */ = {
			isa = XCBuildConfiguration;
			buildSettings = {
				CODE_SIGN_STYLE = Automatic;
				CURRENT_PROJECT_VERSION = 1;
				DEVELOPMENT_TEAM = B6LD2YR8QA;
				GENERATE_INFOPLIST_FILE = YES;
				IPHONEOS_DEPLOYMENT_TARGET = 26.2;
				MACOSX_DEPLOYMENT_TARGET = 15.7;
				MARKETING_VERSION = 1.0;
				PRODUCT_BUNDLE_IDENTIFIER = com.germnetwork.AtprotoOAuthDemoAppUITests;
				PRODUCT_NAME = "$(TARGET_NAME)";
				SDKROOT = auto;
				STRING_CATALOG_GENERATE_SYMBOLS = NO;
				SUPPORTED_PLATFORMS = "iphoneos iphonesimulator macosx xros xrsimulator";
				SWIFT_APPROACHABLE_CONCURRENCY = YES;
				SWIFT_EMIT_LOC_STRINGS = NO;
				SWIFT_UPCOMING_FEATURE_MEMBER_IMPORT_VISIBILITY = YES;
				SWIFT_VERSION = 5.0;
				TARGETED_DEVICE_FAMILY = "1,2,7";
				TEST_TARGET_NAME = AtprotoOAuthDemoApp;
				XROS_DEPLOYMENT_TARGET = 26.2;
			};
			name = Release;
		};
/* End XCBuildConfiguration section */

/* Begin XCConfigurationList section */
		01E50C3F2F483FF800C0D8E0 /* Build configuration list for PBXProject "AtprotoOAuthDemoApp" */ = {
			isa = XCConfigurationList;
			buildConfigurations = (
				01E50C632F483FF800C0D8E0 /* Debug */,
				01E50C642F483FF800C0D8E0 /* Release */,
			);
			defaultConfigurationIsVisible = 0;
			defaultConfigurationName = Release;
		};
		01E50C652F483FF800C0D8E0 /* Build configuration list for PBXNativeTarget "AtprotoOAuthDemoApp" */ = {
			isa = XCConfigurationList;
			buildConfigurations = (
				01E50C662F483FF800C0D8E0 /* Debug */,
				01E50C672F483FF800C0D8E0 /* Release */,
			);
			defaultConfigurationIsVisible = 0;
			defaultConfigurationName = Release;
		};
		01E50C682F483FF800C0D8E0 /* Build configuration list for PBXNativeTarget "AtprotoOAuthDemoAppTests" */ = {
			isa = XCConfigurationList;
			buildConfigurations = (
				01E50C692F483FF800C0D8E0 /* Debug */,
				01E50C6A2F483FF800C0D8E0 /* Release */,
			);
			defaultConfigurationIsVisible = 0;
			defaultConfigurationName = Release;
		};
		01E50C6B2F483FF800C0D8E0 /* Build configuration list for PBXNativeTarget "AtprotoOAuthDemoAppUITests" */ = {
			isa = XCConfigurationList;
			buildConfigurations = (
				01E50C6C2F483FF800C0D8E0 /* Debug */,
				01E50C6D2F483FF800C0D8E0 /* Release */,
			);
			defaultConfigurationIsVisible = 0;
			defaultConfigurationName = Release;
		};
/* End XCConfigurationList section */

/* Begin XCLocalSwiftPackageReference section */
		32864E4E2F87A77D00ECE362 /* XCLocalSwiftPackageReference "../../../AtprotoOAuth" */ = {
			isa = XCLocalSwiftPackageReference;
			relativePath = ../../../AtprotoOAuth;
		};
/* End XCLocalSwiftPackageReference section */

/* Begin XCRemoteSwiftPackageReference section */
		2C83CDD12F72FECB00168B01 /* XCRemoteSwiftPackageReference "ATResolve" */ = {
			isa = XCRemoteSwiftPackageReference;
			repositoryURL = "https://github.com/germ-network/ATResolve";
			requirement = {
				kind = upToNextMajorVersion;
				minimumVersion = 1.1.1;
			};
		};
		32E0A37C2F87E51500962644 /* XCRemoteSwiftPackageReference "Microcosm" */ = {
			isa = XCRemoteSwiftPackageReference;
			repositoryURL = "https://github.com/nnabeyang/Microcosm";
			requirement = {
				kind = revision;
				revision = ac32c4c1f9b33a745595c04a5d60b1ca5ddd325f;
			};
		};
		32E0A3812F87E59B00962644 /* XCRemoteSwiftPackageReference "swift-atproto" */ = {
			isa = XCRemoteSwiftPackageReference;
			repositoryURL = "https://github.com/nnabeyang/swift-atproto";
			requirement = {
				kind = revision;
				revision = 8be6bcc5b31a57b3732b63642a59101cbe8912c8;
			};
		};
/* End XCRemoteSwiftPackageReference section */

/* Begin XCSwiftPackageProductDependency section */
		2C83CAF12F72FD9E00168B01 /* AtprotoOAuth */ = {
			isa = XCSwiftPackageProductDependency;
			productName = AtprotoOAuth;
		};
		2C83CDD22F72FECB00168B01 /* ATResolve */ = {
			isa = XCSwiftPackageProductDependency;
			package = 2C83CDD12F72FECB00168B01 /* XCRemoteSwiftPackageReference "ATResolve" */;
			productName = ATResolve;
		};
		32864E4F2F87A77D00ECE362 /* AtprotoOAuth */ = {
			isa = XCSwiftPackageProductDependency;
			productName = AtprotoOAuth;
		};
		32E0A37D2F87E51500962644 /* Microcosm */ = {
			isa = XCSwiftPackageProductDependency;
			package = 32E0A37C2F87E51500962644 /* XCRemoteSwiftPackageReference "Microcosm" */;
			productName = Microcosm;
		};
		9092014D2F64DBCA00BABF6A /* AtprotoOAuth */ = {
			isa = XCSwiftPackageProductDependency;
			productName = AtprotoOAuth;
		};
/* End XCSwiftPackageProductDependency section */
	};
	rootObject = 01E50C3C2F483FF800C0D8E0 /* Project object */;
}
